
Microsoft Visual Studio Solution File, Format Version 12.00
# Visual Studio 15
VisualStudioVersion = 15.0.28307.1500
MinimumVisualStudioVersion = 10.0.40219.1
Project("{8BC9CEB8-8B4A-11D0-8D11-00A0C91BC942}") = "lexical_ana", "lexical_ana\lexical_ana.vcxproj", "{9E815522-3CB8-46FD-A97A-E3F19ED2F9C0}"
EndProject
Global
	GlobalSection(SolutionConfigurationPlatforms) = preSolution
		Debug|x64 = Debug|x64
		Debug|x86 = Debug|x86
		Release|x64 = Release|x64
		Release|x86 = Release|x86
	EndGlobalSection
	GlobalSection(ProjectConfigurationPlatforms) = postSolution
		{9E815522-3CB8-46FD-A97A-E3F19ED2F9C0}.Debug|x64.ActiveCfg = Debug|x64
		{9E815522-3CB8-46FD-A97A-E3F19ED2F9C0}.Debug|x64.Build.0 = Debug|x64
		{9E815522-3CB8-46FD-A97A-E3F19ED2F9C0}.Debug|x86.ActiveCfg = Debug|Win32
		{9E815522-3CB8-46FD-A97A-E3F19ED2F9C0}.Debug|x86.Build.0 = Debug|Win32
		{9E815522-3CB8-46FD-A97A-E3F19ED2F9C0}.Release|x64.ActiveCfg = Release|x64
		{9E815522-3CB8-46FD-A97A-E3F19ED2F9C0}.Release|x64.Build.0 = Release|x64
		{9E815522-3CB8-46FD-A97A-E3F19ED2F9C0}.Release|x86.ActiveCfg = Release|Win32
		{9E815522-3CB8-46FD-A97A-E3F19ED2F9C0}.Release|x86.Build.0 = Release|Win32
	EndGlobalSection
	GlobalSection(SolutionProperties) = preSolution
		HideSolutionNode = FALSE
	EndGlobalSection
	GlobalSection(ExtensibilityGlobals) = postSolution
		SolutionGuid = {4CB8A3E0-287C-4869-AE15-AB2241F17061}
	EndGlobalSection
EndGlobal
